// !$*UTF8*$!
{
	archiveVersion = 1;
	classes = {
	};
	objectVersion = 46;
	objects = {

/* Begin PBXBuildFile section */
		5573B9072051BC61006F9BA1 /* DotEnv.swift in Sources */ = {isa = PBXBuildFile; fileRef = 5573B9062051BC61006F9BA1 /* DotEnv.swift */; };
		55B199551DF7C9F600A40C1B /* TimerSettings.swift in Sources */ = {isa = PBXBuildFile; fileRef = 55B199541DF7C9F600A40C1B /* TimerSettings.swift */; };
		55BF358F1EBBCE1D009F7DAE /* DLLocalNotifications.swift in Sources */ = {isa = PBXBuildFile; fileRef = 55BF358E1EBBCE1D009F7DAE /* DLLocalNotifications.swift */; };
		55C1CD4F1EBD2EA800C5619C /* default.wav in Resources */ = {isa = PBXBuildFile; fileRef = 55C1CD4E1EBD2EA800C5619C /* default.wav */; };
		55D4A7D42062B0FE00195965 /* StandUpUITests.swift in Sources */ = {isa = PBXBuildFile; fileRef = 55D4A7D32062B0FE00195965 /* StandUpUITests.swift */; };
		55D4A7DC2062B57300195965 /* SnapshotHelper.swift in Sources */ = {isa = PBXBuildFile; fileRef = 55D4A7DB2062B57300195965 /* SnapshotHelper.swift */; };
		9CF0A784A28D4E629BD45E04 /* Pods_StandUp_Production.framework in Frameworks */ = {isa = PBXBuildFile; fileRef = 715D42149A8A0285C3936C53 /* Pods_StandUp_Production.framework */; };
		FA34B89D1D0FBF350082F616 /* AppDelegate.swift in Sources */ = {isa = PBXBuildFile; fileRef = FA34B89C1D0FBF350082F616 /* AppDelegate.swift */; };
		FA34B8A11D0FBF350082F616 /* HistoryViewController.swift in Sources */ = {isa = PBXBuildFile; fileRef = FA34B8A01D0FBF350082F616 /* HistoryViewController.swift */; };
		FA34B8A41D0FBF350082F616 /* Main.storyboard in Resources */ = {isa = PBXBuildFile; fileRef = FA34B8A21D0FBF350082F616 /* Main.storyboard */; };
		FA34B8A61D0FBF350082F616 /* Assets.xcassets in Resources */ = {isa = PBXBuildFile; fileRef = FA34B8A51D0FBF350082F616 /* Assets.xcassets */; };
		FA34B8A91D0FBF350082F616 /* LaunchScreen.storyboard in Resources */ = {isa = PBXBuildFile; fileRef = FA34B8A71D0FBF350082F616 /* LaunchScreen.storyboard */; };
		FA34B8B31D0FC09E0082F616 /* TimerViewController.swift in Sources */ = {isa = PBXBuildFile; fileRef = FA34B8B21D0FC09E0082F616 /* TimerViewController.swift */; };
		FA34B8B61D0FC4B60082F616 /* MotionActivity.swift in Sources */ = {isa = PBXBuildFile; fileRef = FA34B8B51D0FC4B60082F616 /* MotionActivity.swift */; };
		FA34B8B81D0FDFE50082F616 /* NSDateExtension.swift in Sources */ = {isa = PBXBuildFile; fileRef = FA34B8B71D0FDFE50082F616 /* NSDateExtension.swift */; };
		FA43B4F91E0FA9CA001BBF02 /* UIColor.swift in Sources */ = {isa = PBXBuildFile; fileRef = FA43B4F81E0FA9CA001BBF02 /* UIColor.swift */; };
		FA58E6771D1268DB00C75B2D /* HistoryProcessor.swift in Sources */ = {isa = PBXBuildFile; fileRef = FA58E6761D1268DB00C75B2D /* HistoryProcessor.swift */; };
		FA58E6851D152DE200C75B2D /* SettingsTableViewController.swift in Sources */ = {isa = PBXBuildFile; fileRef = FA58E6841D152DE200C75B2D /* SettingsTableViewController.swift */; };
		FA58E68C1D18F61500C75B2D /* WorkTimeViewController.swift in Sources */ = {isa = PBXBuildFile; fileRef = FA58E68B1D18F61500C75B2D /* WorkTimeViewController.swift */; };
		FAA41E511E0F911B0050649C /* DefaultKeys.swift in Sources */ = {isa = PBXBuildFile; fileRef = FAA41E501E0F911B0050649C /* DefaultKeys.swift */; };
/* End PBXBuildFile section */

/* Begin PBXContainerItemProxy section */
		55D4A7D62062B0FE00195965 /* PBXContainerItemProxy */ = {
			isa = PBXContainerItemProxy;
			containerPortal = FA34B8911D0FBF350082F616 /* Project object */;
			proxyType = 1;
			remoteGlobalIDString = FA34B8981D0FBF350082F616;
			remoteInfo = "StandUp-Production";
		};
/* End PBXContainerItemProxy section */

/* Begin PBXFileReference section */
		0BB5A822DE48953DDE6024AF /* Pods-StandUp-Production.release.xcconfig */ = {isa = PBXFileReference; includeInIndex = 1; lastKnownFileType = text.xcconfig; name = "Pods-StandUp-Production.release.xcconfig"; path = "Pods/Target Support Files/Pods-StandUp-Production/Pods-StandUp-Production.release.xcconfig"; sourceTree = "<group>"; };
		47B205163BEC869283FC8A8E /* Pods-StandUp-Production.debug.xcconfig */ = {isa = PBXFileReference; includeInIndex = 1; lastKnownFileType = text.xcconfig; name = "Pods-StandUp-Production.debug.xcconfig"; path = "Pods/Target Support Files/Pods-StandUp-Production/Pods-StandUp-Production.debug.xcconfig"; sourceTree = "<group>"; };
		552FBE13204FA498007F7AA2 /* StandUp-Production.entitlements */ = {isa = PBXFileReference; lastKnownFileType = text.plist.entitlements; path = "StandUp-Production.entitlements"; sourceTree = "<group>"; };
		5573B9062051BC61006F9BA1 /* DotEnv.swift */ = {isa = PBXFileReference; lastKnownFileType = sourcecode.swift; path = DotEnv.swift; sourceTree = "<group>"; };
		55B199541DF7C9F600A40C1B /* TimerSettings.swift */ = {isa = PBXFileReference; fileEncoding = 4; lastKnownFileType = sourcecode.swift; path = TimerSettings.swift; sourceTree = "<group>"; };
		55BF358E1EBBCE1D009F7DAE /* DLLocalNotifications.swift */ = {isa = PBXFileReference; fileEncoding = 4; lastKnownFileType = sourcecode.swift; path = DLLocalNotifications.swift; sourceTree = "<group>"; };
		55C1CD4E1EBD2EA800C5619C /* default.wav */ = {isa = PBXFileReference; lastKnownFileType = audio.wav; path = default.wav; sourceTree = "<group>"; };
		55D4A7D12062B0FE00195965 /* StandUpUITests.xctest */ = {isa = PBXFileReference; explicitFileType = wrapper.cfbundle; includeInIndex = 0; path = StandUpUITests.xctest; sourceTree = BUILT_PRODUCTS_DIR; };
		55D4A7D32062B0FE00195965 /* StandUpUITests.swift */ = {isa = PBXFileReference; lastKnownFileType = sourcecode.swift; path = StandUpUITests.swift; sourceTree = "<group>"; };
		55D4A7D52062B0FE00195965 /* Info.plist */ = {isa = PBXFileReference; lastKnownFileType = text.plist.xml; path = Info.plist; sourceTree = "<group>"; };
		55D4A7DB2062B57300195965 /* SnapshotHelper.swift */ = {isa = PBXFileReference; fileEncoding = 4; lastKnownFileType = sourcecode.swift; name = SnapshotHelper.swift; path = fastlane/SnapshotHelper.swift; sourceTree = SOURCE_ROOT; };
		715D42149A8A0285C3936C53 /* Pods_StandUp_Production.framework */ = {isa = PBXFileReference; explicitFileType = wrapper.framework; includeInIndex = 0; path = Pods_StandUp_Production.framework; sourceTree = BUILT_PRODUCTS_DIR; };
		FA34B8991D0FBF350082F616 /* StandUp-Production.app */ = {isa = PBXFileReference; explicitFileType = wrapper.application; includeInIndex = 0; path = "StandUp-Production.app"; sourceTree = BUILT_PRODUCTS_DIR; };
		FA34B89C1D0FBF350082F616 /* AppDelegate.swift */ = {isa = PBXFileReference; lastKnownFileType = sourcecode.swift; path = AppDelegate.swift; sourceTree = "<group>"; };
		FA34B8A01D0FBF350082F616 /* HistoryViewController.swift */ = {isa = PBXFileReference; lastKnownFileType = sourcecode.swift; path = HistoryViewController.swift; sourceTree = "<group>"; };
		FA34B8A31D0FBF350082F616 /* Base */ = {isa = PBXFileReference; lastKnownFileType = file.storyboard; name = Base; path = Base.lproj/Main.storyboard; sourceTree = "<group>"; };
		FA34B8A51D0FBF350082F616 /* Assets.xcassets */ = {isa = PBXFileReference; lastKnownFileType = folder.assetcatalog; path = Assets.xcassets; sourceTree = "<group>"; };
		FA34B8A81D0FBF350082F616 /* Base */ = {isa = PBXFileReference; lastKnownFileType = file.storyboard; name = Base; path = Base.lproj/LaunchScreen.storyboard; sourceTree = "<group>"; };
		FA34B8AA1D0FBF350082F616 /* Info.plist */ = {isa = PBXFileReference; lastKnownFileType = text.plist.xml; path = Info.plist; sourceTree = "<group>"; };
		FA34B8B21D0FC09E0082F616 /* TimerViewController.swift */ = {isa = PBXFileReference; fileEncoding = 4; lastKnownFileType = sourcecode.swift; path = TimerViewController.swift; sourceTree = "<group>"; };
		FA34B8B51D0FC4B60082F616 /* MotionActivity.swift */ = {isa = PBXFileReference; fileEncoding = 4; lastKnownFileType = sourcecode.swift; path = MotionActivity.swift; sourceTree = "<group>"; };
		FA34B8B71D0FDFE50082F616 /* NSDateExtension.swift */ = {isa = PBXFileReference; fileEncoding = 4; lastKnownFileType = sourcecode.swift; path = NSDateExtension.swift; sourceTree = "<group>"; };
		FA43B4F81E0FA9CA001BBF02 /* UIColor.swift */ = {isa = PBXFileReference; fileEncoding = 4; lastKnownFileType = sourcecode.swift; path = UIColor.swift; sourceTree = "<group>"; };
		FA58E6761D1268DB00C75B2D /* HistoryProcessor.swift */ = {isa = PBXFileReference; fileEncoding = 4; lastKnownFileType = sourcecode.swift; path = HistoryProcessor.swift; sourceTree = "<group>"; };
		FA58E6841D152DE200C75B2D /* SettingsTableViewController.swift */ = {isa = PBXFileReference; fileEncoding = 4; lastKnownFileType = sourcecode.swift; path = SettingsTableViewController.swift; sourceTree = "<group>"; };
		FA58E68B1D18F61500C75B2D /* WorkTimeViewController.swift */ = {isa = PBXFileReference; fileEncoding = 4; lastKnownFileType = sourcecode.swift; path = WorkTimeViewController.swift; sourceTree = "<group>"; };
		FAA41E501E0F911B0050649C /* DefaultKeys.swift */ = {isa = PBXFileReference; fileEncoding = 4; lastKnownFileType = sourcecode.swift; path = DefaultKeys.swift; sourceTree = "<group>"; };
/* End PBXFileReference section */

/* Begin PBXFrameworksBuildPhase section */
		55D4A7CE2062B0FE00195965 /* Frameworks */ = {
			isa = PBXFrameworksBuildPhase;
			buildActionMask = 2147483647;
			files = (
			);
			runOnlyForDeploymentPostprocessing = 0;
		};
		FA34B8961D0FBF350082F616 /* Frameworks */ = {
			isa = PBXFrameworksBuildPhase;
			buildActionMask = 2147483647;
			files = (
				9CF0A784A28D4E629BD45E04 /* Pods_StandUp_Production.framework in Frameworks */,
			);
			runOnlyForDeploymentPostprocessing = 0;
		};
/* End PBXFrameworksBuildPhase section */

/* Begin PBXGroup section */
		55D4A7D22062B0FE00195965 /* StandUpUITests */ = {
			isa = PBXGroup;
			children = (
				55D4A7D32062B0FE00195965 /* StandUpUITests.swift */,
				55D4A7D52062B0FE00195965 /* Info.plist */,
				55D4A7DB2062B57300195965 /* SnapshotHelper.swift */,
			);
			path = StandUpUITests;
			sourceTree = "<group>";
		};
		AC8389F5360A4C8D80DE9303 /* Frameworks */ = {
			isa = PBXGroup;
			children = (
				715D42149A8A0285C3936C53 /* Pods_StandUp_Production.framework */,
			);
			name = Frameworks;
			sourceTree = "<group>";
		};
		ED85AF3498F120373EE5A448 /* Pods */ = {
			isa = PBXGroup;
			children = (
				47B205163BEC869283FC8A8E /* Pods-StandUp-Production.debug.xcconfig */,
				0BB5A822DE48953DDE6024AF /* Pods-StandUp-Production.release.xcconfig */,
			);
			name = Pods;
			sourceTree = "<group>";
		};
		FA34B8901D0FBF350082F616 = {
			isa = PBXGroup;
			children = (
				FA34B89B1D0FBF350082F616 /* StandUp-Production */,
				55D4A7D22062B0FE00195965 /* StandUpUITests */,
				FA34B89A1D0FBF350082F616 /* Products */,
				ED85AF3498F120373EE5A448 /* Pods */,
				AC8389F5360A4C8D80DE9303 /* Frameworks */,
			);
			sourceTree = "<group>";
		};
		FA34B89A1D0FBF350082F616 /* Products */ = {
			isa = PBXGroup;
			children = (
				FA34B8991D0FBF350082F616 /* StandUp-Production.app */,
				55D4A7D12062B0FE00195965 /* StandUpUITests.xctest */,
			);
			name = Products;
			sourceTree = "<group>";
		};
		FA34B89B1D0FBF350082F616 /* StandUp-Production */ = {
			isa = PBXGroup;
			children = (
				552FBE13204FA498007F7AA2 /* StandUp-Production.entitlements */,
				FA58E6881D15388600C75B2D /* Supporting Files */,
				FA34B8B41D0FC22C0082F616 /* ViewControllers */,
				FA34B8A21D0FBF350082F616 /* Main.storyboard */,
				FA34B8A51D0FBF350082F616 /* Assets.xcassets */,
				FA58E6871D15387800C75B2D /* Models */,
				FA58E6861D15386B00C75B2D /* Extensions */,
			);
			path = "StandUp-Production";
			sourceTree = "<group>";
		};
		FA34B8B41D0FC22C0082F616 /* ViewControllers */ = {
			isa = PBXGroup;
			children = (
				FA34B8A01D0FBF350082F616 /* HistoryViewController.swift */,
				FA34B8B21D0FC09E0082F616 /* TimerViewController.swift */,
				FA58E6841D152DE200C75B2D /* SettingsTableViewController.swift */,
				FA58E68B1D18F61500C75B2D /* WorkTimeViewController.swift */,
			);
			name = ViewControllers;
			sourceTree = "<group>";
		};
		FA58E6861D15386B00C75B2D /* Extensions */ = {
			isa = PBXGroup;
			children = (
				55B199541DF7C9F600A40C1B /* TimerSettings.swift */,
				FA34B8B71D0FDFE50082F616 /* NSDateExtension.swift */,
				FA43B4F81E0FA9CA001BBF02 /* UIColor.swift */,
				55BF358E1EBBCE1D009F7DAE /* DLLocalNotifications.swift */,
				5573B9062051BC61006F9BA1 /* DotEnv.swift */,
			);
			name = Extensions;
			sourceTree = "<group>";
		};
		FA58E6871D15387800C75B2D /* Models */ = {
			isa = PBXGroup;
			children = (
				FA34B8B51D0FC4B60082F616 /* MotionActivity.swift */,
				FA58E6761D1268DB00C75B2D /* HistoryProcessor.swift */,
				FAA41E501E0F911B0050649C /* DefaultKeys.swift */,
			);
			name = Models;
			sourceTree = "<group>";
		};
		FA58E6881D15388600C75B2D /* Supporting Files */ = {
			isa = PBXGroup;
			children = (
				FA34B89C1D0FBF350082F616 /* AppDelegate.swift */,
				FA34B8A71D0FBF350082F616 /* LaunchScreen.storyboard */,
				FA34B8AA1D0FBF350082F616 /* Info.plist */,
				55C1CD4E1EBD2EA800C5619C /* default.wav */,
			);
			name = "Supporting Files";
			sourceTree = "<group>";
		};
/* End PBXGroup section */

/* Begin PBXNativeTarget section */
		55D4A7D02062B0FE00195965 /* StandUpUITests */ = {
			isa = PBXNativeTarget;
			buildConfigurationList = 55D4A7DA2062B0FE00195965 /* Build configuration list for PBXNativeTarget "StandUpUITests" */;
			buildPhases = (
				55D4A7CD2062B0FE00195965 /* Sources */,
				55D4A7CE2062B0FE00195965 /* Frameworks */,
				55D4A7CF2062B0FE00195965 /* Resources */,
			);
			buildRules = (
			);
			dependencies = (
				55D4A7D72062B0FE00195965 /* PBXTargetDependency */,
			);
			name = StandUpUITests;
			productName = StandUpUITests;
			productReference = 55D4A7D12062B0FE00195965 /* StandUpUITests.xctest */;
			productType = "com.apple.product-type.bundle.ui-testing";
		};
		FA34B8981D0FBF350082F616 /* StandUp-Production */ = {
			isa = PBXNativeTarget;
			buildConfigurationList = FA34B8AD1D0FBF350082F616 /* Build configuration list for PBXNativeTarget "StandUp-Production" */;
			buildPhases = (
				F3B12BF09B1F3E69F1189E85 /* [CP] Check Pods Manifest.lock */,
				FA34B8951D0FBF350082F616 /* Sources */,
				FA34B8961D0FBF350082F616 /* Frameworks */,
				FA34B8971D0FBF350082F616 /* Resources */,
				97B74B87D14FA06D11E0B5D7 /* [CP] Embed Pods Frameworks */,
				9CA3C1760C88FF2C71D579CA /* [CP] Copy Pods Resources */,
				55C7C9BF1EBC588800C6684F /* ShellScript */,
				5573B9082051EAB2006F9BA1 /* ShellScript */,
			);
			buildRules = (
			);
			dependencies = (
			);
			name = "StandUp-Production";
			productName = "StandUp-Production";
			productReference = FA34B8991D0FBF350082F616 /* StandUp-Production.app */;
			productType = "com.apple.product-type.application";
		};
/* End PBXNativeTarget section */

/* Begin PBXProject section */
		FA34B8911D0FBF350082F616 /* Project object */ = {
			isa = PBXProject;
			attributes = {
				LastSwiftUpdateCheck = 0910;
				LastUpgradeCheck = 0810;
				ORGANIZATIONNAME = "Devesh Laungani";
				TargetAttributes = {
					55D4A7D02062B0FE00195965 = {
						CreatedOnToolsVersion = 9.1;
						ProvisioningStyle = Automatic;
						TestTargetID = FA34B8981D0FBF350082F616;
					};
					FA34B8981D0FBF350082F616 = {
						CreatedOnToolsVersion = 7.2.1;
						DevelopmentTeam = 8878VL7H9L;
						LastSwiftMigration = 0810;
						ProvisioningStyle = Automatic;
						SystemCapabilities = {
							com.apple.BackgroundModes = {
								enabled = 1;
							};
							com.apple.Push = {
								enabled = 1;
							};
						};
					};
				};
			};
			buildConfigurationList = FA34B8941D0FBF350082F616 /* Build configuration list for PBXProject "StandUp-Production" */;
			compatibilityVersion = "Xcode 3.2";
			developmentRegion = English;
			hasScannedForEncodings = 0;
			knownRegions = (
				en,
				Base,
			);
			mainGroup = FA34B8901D0FBF350082F616;
			productRefGroup = FA34B89A1D0FBF350082F616 /* Products */;
			projectDirPath = "";
			projectRoot = "";
			targets = (
				FA34B8981D0FBF350082F616 /* StandUp-Production */,
				55D4A7D02062B0FE00195965 /* StandUpUITests */,
			);
		};
/* End PBXProject section */

/* Begin PBXResourcesBuildPhase section */
		55D4A7CF2062B0FE00195965 /* Resources */ = {
			isa = PBXResourcesBuildPhase;
			buildActionMask = 2147483647;
			files = (
			);
			runOnlyForDeploymentPostprocessing = 0;
		};
		FA34B8971D0FBF350082F616 /* Resources */ = {
			isa = PBXResourcesBuildPhase;
			buildActionMask = 2147483647;
			files = (
				55C1CD4F1EBD2EA800C5619C /* default.wav in Resources */,
				FA34B8A91D0FBF350082F616 /* LaunchScreen.storyboard in Resources */,
				FA34B8A61D0FBF350082F616 /* Assets.xcassets in Resources */,
				FA34B8A41D0FBF350082F616 /* Main.storyboard in Resources */,
			);
			runOnlyForDeploymentPostprocessing = 0;
		};
/* End PBXResourcesBuildPhase section */

/* Begin PBXShellScriptBuildPhase section */
		5573B9082051EAB2006F9BA1 /* ShellScript */ = {
			isa = PBXShellScriptBuildPhase;
			buildActionMask = 2147483647;
			files = (
			);
			inputPaths = (
			);
			outputPaths = (
			);
			runOnlyForDeploymentPostprocessing = 0;
			shellPath = /bin/sh;
			shellScript = "\"${PODS_ROOT}/SwiftLint/swiftlint\"";
		};
		55C7C9BF1EBC588800C6684F /* ShellScript */ = {
			isa = PBXShellScriptBuildPhase;
			buildActionMask = 2147483647;
			files = (
			);
			inputPaths = (
			);
			outputPaths = (
			);
			runOnlyForDeploymentPostprocessing = 0;
			shellPath = /bin/sh;
			shellScript = "\"${PODS_ROOT}/Fabric/run\" 5881cc0c52efe289926b544ffa5c5d09d078dc57 7eb63f2b0a0961c5a987de0c7e90d9d00db4c7ca2c97051a980a423264307c07";
		};
		97B74B87D14FA06D11E0B5D7 /* [CP] Embed Pods Frameworks */ = {
			isa = PBXShellScriptBuildPhase;
			buildActionMask = 2147483647;
			files = (
			);
			inputPaths = (
			);
			name = "[CP] Embed Pods Frameworks";
			outputPaths = (
			);
			runOnlyForDeploymentPostprocessing = 0;
			shellPath = /bin/sh;
			shellScript = "\"${SRCROOT}/Pods/Target Support Files/Pods-StandUp-Production/Pods-StandUp-Production-frameworks.sh\"\n";
			showEnvVarsInLog = 0;
		};
		9CA3C1760C88FF2C71D579CA /* [CP] Copy Pods Resources */ = {
			isa = PBXShellScriptBuildPhase;
			buildActionMask = 2147483647;
			files = (
			);
			inputPaths = (
			);
			name = "[CP] Copy Pods Resources";
			outputPaths = (
			);
			runOnlyForDeploymentPostprocessing = 0;
			shellPath = /bin/sh;
			shellScript = "\"${SRCROOT}/Pods/Target Support Files/Pods-StandUp-Production/Pods-StandUp-Production-resources.sh\"\n";
			showEnvVarsInLog = 0;
		};
		F3B12BF09B1F3E69F1189E85 /* [CP] Check Pods Manifest.lock */ = {
			isa = PBXShellScriptBuildPhase;
			buildActionMask = 2147483647;
			files = (
			);
			inputPaths = (
			);
			name = "[CP] Check Pods Manifest.lock";
			outputPaths = (
			);
			runOnlyForDeploymentPostprocessing = 0;
			shellPath = /bin/sh;
			shellScript = "diff \"${PODS_PODFILE_DIR_PATH}/Podfile.lock\" \"${PODS_ROOT}/Manifest.lock\" > /dev/null\nif [ $? != 0 ] ; then\n    # print error to STDERR\n    echo \"error: The sandbox is not in sync with the Podfile.lock. Run 'pod install' or update your CocoaPods installation.\" >&2\n    exit 1\nfi\n";
			showEnvVarsInLog = 0;
		};
/* End PBXShellScriptBuildPhase section */

/* Begin PBXSourcesBuildPhase section */
		55D4A7CD2062B0FE00195965 /* Sources */ = {
			isa = PBXSourcesBuildPhase;
			buildActionMask = 2147483647;
			files = (
				55D4A7D42062B0FE00195965 /* StandUpUITests.swift in Sources */,
				55D4A7DC2062B57300195965 /* SnapshotHelper.swift in Sources */,
			);
			runOnlyForDeploymentPostprocessing = 0;
		};
		FA34B8951D0FBF350082F616 /* Sources */ = {
			isa = PBXSourcesBuildPhase;
			buildActionMask = 2147483647;
			files = (
				55B199551DF7C9F600A40C1B /* TimerSettings.swift in Sources */,
				FA34B8B61D0FC4B60082F616 /* MotionActivity.swift in Sources */,
				FA34B8B31D0FC09E0082F616 /* TimerViewController.swift in Sources */,
				FA58E68C1D18F61500C75B2D /* WorkTimeViewController.swift in Sources */,
				FAA41E511E0F911B0050649C /* DefaultKeys.swift in Sources */,
				FA34B8B81D0FDFE50082F616 /* NSDateExtension.swift in Sources */,
				FA58E6771D1268DB00C75B2D /* HistoryProcessor.swift in Sources */,
				FA34B8A11D0FBF350082F616 /* HistoryViewController.swift in Sources */,
				5573B9072051BC61006F9BA1 /* DotEnv.swift in Sources */,
				FA43B4F91E0FA9CA001BBF02 /* UIColor.swift in Sources */,
				FA34B89D1D0FBF350082F616 /* AppDelegate.swift in Sources */,
				55BF358F1EBBCE1D009F7DAE /* DLLocalNotifications.swift in Sources */,
				FA58E6851D152DE200C75B2D /* SettingsTableViewController.swift in Sources */,
			);
			runOnlyForDeploymentPostprocessing = 0;
		};
/* End PBXSourcesBuildPhase section */

/* Begin PBXTargetDependency section */
		55D4A7D72062B0FE00195965 /* PBXTargetDependency */ = {
			isa = PBXTargetDependency;
			target = FA34B8981D0FBF350082F616 /* StandUp-Production */;
			targetProxy = 55D4A7D62062B0FE00195965 /* PBXContainerItemProxy */;
		};
/* End PBXTargetDependency section */

/* Begin PBXVariantGroup section */
		FA34B8A21D0FBF350082F616 /* Main.storyboard */ = {
			isa = PBXVariantGroup;
			children = (
				FA34B8A31D0FBF350082F616 /* Base */,
			);
			name = Main.storyboard;
			sourceTree = "<group>";
		};
		FA34B8A71D0FBF350082F616 /* LaunchScreen.storyboard */ = {
			isa = PBXVariantGroup;
			children = (
				FA34B8A81D0FBF350082F616 /* Base */,
			);
			name = LaunchScreen.storyboard;
			sourceTree = "<group>";
		};
/* End PBXVariantGroup section */

/* Begin XCBuildConfiguration section */
		55D4A7D82062B0FE00195965 /* Debug */ = {
			isa = XCBuildConfiguration;
			buildSettings = {
				CLANG_ANALYZER_NONNULL = YES;
				CLANG_ANALYZER_NUMBER_OBJECT_CONVERSION = YES_AGGRESSIVE;
				CLANG_CXX_LANGUAGE_STANDARD = "gnu++14";
				CLANG_WARN_BLOCK_CAPTURE_AUTORELEASING = YES;
				CLANG_WARN_COMMA = YES;
				CLANG_WARN_DOCUMENTATION_COMMENTS = YES;
				CLANG_WARN_NON_LITERAL_NULL_CONVERSION = YES;
				CLANG_WARN_OBJC_LITERAL_CONVERSION = YES;
				CLANG_WARN_RANGE_LOOP_ANALYSIS = YES;
				CLANG_WARN_STRICT_PROTOTYPES = YES;
				CLANG_WARN_UNGUARDED_AVAILABILITY = YES_AGGRESSIVE;
				CODE_SIGN_IDENTITY = "iPhone Developer";
				CODE_SIGN_STYLE = Automatic;
				GCC_C_LANGUAGE_STANDARD = gnu11;
				INFOPLIST_FILE = StandUpUITests/Info.plist;
				IPHONEOS_DEPLOYMENT_TARGET = 11.1;
				LD_RUNPATH_SEARCH_PATHS = "$(inherited) @executable_path/Frameworks @loader_path/Frameworks";
				PRODUCT_BUNDLE_IDENTIFIER = com.freelancer.StandUpUITests;
				PRODUCT_NAME = "$(TARGET_NAME)";
				SWIFT_ACTIVE_COMPILATION_CONDITIONS = DEBUG;
				SWIFT_VERSION = 4.0;
				TARGETED_DEVICE_FAMILY = "1,2";
				TEST_TARGET_NAME = "StandUp-Production";
			};
			name = Debug;
		};
		55D4A7D92062B0FE00195965 /* Release */ = {
			isa = XCBuildConfiguration;
			buildSettings = {
				CLANG_ANALYZER_NONNULL = YES;
				CLANG_ANALYZER_NUMBER_OBJECT_CONVERSION = YES_AGGRESSIVE;
				CLANG_CXX_LANGUAGE_STANDARD = "gnu++14";
				CLANG_WARN_BLOCK_CAPTURE_AUTORELEASING = YES;
				CLANG_WARN_COMMA = YES;
				CLANG_WARN_DOCUMENTATION_COMMENTS = YES;
				CLANG_WARN_NON_LITERAL_NULL_CONVERSION = YES;
				CLANG_WARN_OBJC_LITERAL_CONVERSION = YES;
				CLANG_WARN_RANGE_LOOP_ANALYSIS = YES;
				CLANG_WARN_STRICT_PROTOTYPES = YES;
				CLANG_WARN_UNGUARDED_AVAILABILITY = YES_AGGRESSIVE;
				CODE_SIGN_IDENTITY = "iPhone Developer";
				CODE_SIGN_STYLE = Automatic;
				GCC_C_LANGUAGE_STANDARD = gnu11;
				INFOPLIST_FILE = StandUpUITests/Info.plist;
				IPHONEOS_DEPLOYMENT_TARGET = 11.1;
				LD_RUNPATH_SEARCH_PATHS = "$(inherited) @executable_path/Frameworks @loader_path/Frameworks";
				PRODUCT_BUNDLE_IDENTIFIER = com.freelancer.StandUpUITests;
				PRODUCT_NAME = "$(TARGET_NAME)";
				SWIFT_VERSION = 4.0;
				TARGETED_DEVICE_FAMILY = "1,2";
				TEST_TARGET_NAME = "StandUp-Production";
			};
			name = Release;
		};
		FA34B8AB1D0FBF350082F616 /* Debug */ = {
			isa = XCBuildConfiguration;
			buildSettings = {
				ALWAYS_SEARCH_USER_PATHS = NO;
				CLANG_CXX_LANGUAGE_STANDARD = "gnu++0x";
				CLANG_CXX_LIBRARY = "libc++";
				CLANG_ENABLE_MODULES = YES;
				CLANG_ENABLE_OBJC_ARC = YES;
				CLANG_WARN_BOOL_CONVERSION = YES;
				CLANG_WARN_CONSTANT_CONVERSION = YES;
				CLANG_WARN_DIRECT_OBJC_ISA_USAGE = YES_ERROR;
				CLANG_WARN_EMPTY_BODY = YES;
				CLANG_WARN_ENUM_CONVERSION = YES;
				CLANG_WARN_INFINITE_RECURSION = YES;
				CLANG_WARN_INT_CONVERSION = YES;
				CLANG_WARN_OBJC_ROOT_CLASS = YES_ERROR;
				CLANG_WARN_SUSPICIOUS_MOVE = YES;
				CLANG_WARN_UNREACHABLE_CODE = YES;
				CLANG_WARN__DUPLICATE_METHOD_MATCH = YES;
				"CODE_SIGN_IDENTITY[sdk=iphoneos*]" = "iPhone Developer";
				COPY_PHASE_STRIP = NO;
				DEBUG_INFORMATION_FORMAT = dwarf;
				ENABLE_STRICT_OBJC_MSGSEND = YES;
				ENABLE_TESTABILITY = YES;
				GCC_C_LANGUAGE_STANDARD = gnu99;
				GCC_DYNAMIC_NO_PIC = NO;
				GCC_NO_COMMON_BLOCKS = YES;
				GCC_OPTIMIZATION_LEVEL = 0;
				GCC_PREPROCESSOR_DEFINITIONS = (
					"DEBUG=1",
					"$(inherited)",
				);
				GCC_WARN_64_TO_32_BIT_CONVERSION = YES;
				GCC_WARN_ABOUT_RETURN_TYPE = YES_ERROR;
				GCC_WARN_UNDECLARED_SELECTOR = YES;
				GCC_WARN_UNINITIALIZED_AUTOS = YES_AGGRESSIVE;
				GCC_WARN_UNUSED_FUNCTION = YES;
				GCC_WARN_UNUSED_VARIABLE = YES;
				IPHONEOS_DEPLOYMENT_TARGET = 10.0;
				MTL_ENABLE_DEBUG_INFO = YES;
				ONLY_ACTIVE_ARCH = YES;
				SDKROOT = iphoneos;
				SWIFT_OPTIMIZATION_LEVEL = "-Onone";
			};
			name = Debug;
		};
		FA34B8AC1D0FBF350082F616 /* Release */ = {
			isa = XCBuildConfiguration;
			buildSettings = {
				ALWAYS_SEARCH_USER_PATHS = NO;
				CLANG_CXX_LANGUAGE_STANDARD = "gnu++0x";
				CLANG_CXX_LIBRARY = "libc++";
				CLANG_ENABLE_MODULES = YES;
				CLANG_ENABLE_OBJC_ARC = YES;
				CLANG_WARN_BOOL_CONVERSION = YES;
				CLANG_WARN_CONSTANT_CONVERSION = YES;
				CLANG_WARN_DIRECT_OBJC_ISA_USAGE = YES_ERROR;
				CLANG_WARN_EMPTY_BODY = YES;
				CLANG_WARN_ENUM_CONVERSION = YES;
				CLANG_WARN_INFINITE_RECURSION = YES;
				CLANG_WARN_INT_CONVERSION = YES;
				CLANG_WARN_OBJC_ROOT_CLASS = YES_ERROR;
				CLANG_WARN_SUSPICIOUS_MOVE = YES;
				CLANG_WARN_UNREACHABLE_CODE = YES;
				CLANG_WARN__DUPLICATE_METHOD_MATCH = YES;
				"CODE_SIGN_IDENTITY[sdk=iphoneos*]" = "iPhone Developer";
				COPY_PHASE_STRIP = NO;
				DEBUG_INFORMATION_FORMAT = "dwarf-with-dsym";
				ENABLE_NS_ASSERTIONS = NO;
				ENABLE_STRICT_OBJC_MSGSEND = YES;
				GCC_C_LANGUAGE_STANDARD = gnu99;
				GCC_NO_COMMON_BLOCKS = YES;
				GCC_WARN_64_TO_32_BIT_CONVERSION = YES;
				GCC_WARN_ABOUT_RETURN_TYPE = YES_ERROR;
				GCC_WARN_UNDECLARED_SELECTOR = YES;
				GCC_WARN_UNINITIALIZED_AUTOS = YES_AGGRESSIVE;
				GCC_WARN_UNUSED_FUNCTION = YES;
				GCC_WARN_UNUSED_VARIABLE = YES;
				IPHONEOS_DEPLOYMENT_TARGET = 10.0;
				MTL_ENABLE_DEBUG_INFO = NO;
				SDKROOT = iphoneos;
				SWIFT_OPTIMIZATION_LEVEL = "-Owholemodule";
				VALIDATE_PRODUCT = YES;
			};
			name = Release;
		};
		FA34B8AE1D0FBF350082F616 /* Debug */ = {
			isa = XCBuildConfiguration;
			baseConfigurationReference = 47B205163BEC869283FC8A8E /* Pods-StandUp-Production.debug.xcconfig */;
			buildSettings = {
				ASSETCATALOG_COMPILER_APPICON_NAME = AppIcon;
				CODE_SIGN_ENTITLEMENTS = "StandUp-Production/StandUp-Production.entitlements";
				"CODE_SIGN_IDENTITY[sdk=iphoneos*]" = "iPhone Developer";
				CODE_SIGN_STYLE = Automatic;
				DEVELOPMENT_TEAM = 8878VL7H9L;
				FRAMEWORK_SEARCH_PATHS = (
					"$(inherited)",
					"$(SRCROOT)/**",
				);
				INFOPLIST_FILE = "StandUp-Production/Info.plist";
				IPHONEOS_DEPLOYMENT_TARGET = 10.0;
				LD_RUNPATH_SEARCH_PATHS = "$(inherited) @executable_path/Frameworks";
				PRODUCT_BUNDLE_IDENTIFIER = "ios-freelancer.StandUp-Production";
				PRODUCT_NAME = "$(TARGET_NAME)";
				PROVISIONING_PROFILE = "";
				PROVISIONING_PROFILE_SPECIFIER = "";
				SWIFT_VERSION = 3.0;
				TARGETED_DEVICE_FAMILY = "1,2";
			};
			name = Debug;
		};
		FA34B8AF1D0FBF350082F616 /* Release */ = {
			isa = XCBuildConfiguration;
			baseConfigurationReference = 0BB5A822DE48953DDE6024AF /* Pods-StandUp-Production.release.xcconfig */;
			buildSettings = {
				ASSETCATALOG_COMPILER_APPICON_NAME = AppIcon;
				CODE_SIGN_ENTITLEMENTS = "StandUp-Production/StandUp-Production.entitlements";
				"CODE_SIGN_IDENTITY[sdk=iphoneos*]" = "iPhone Developer";
				CODE_SIGN_STYLE = Automatic;
				DEVELOPMENT_TEAM = 8878VL7H9L;
				FRAMEWORK_SEARCH_PATHS = (
					"$(inherited)",
					"$(SRCROOT)/**",
				);
				INFOPLIST_FILE = "StandUp-Production/Info.plist";
				IPHONEOS_DEPLOYMENT_TARGET = 10.0;
				LD_RUNPATH_SEARCH_PATHS = "$(inherited) @executable_path/Frameworks";
				PRODUCT_BUNDLE_IDENTIFIER = "ios-freelancer.StandUp-Production";
				PRODUCT_NAME = "$(TARGET_NAME)";
				PROVISIONING_PROFILE_SPECIFIER = "";
				SWIFT_VERSION = 3.0;
				TARGETED_DEVICE_FAMILY = "1,2";
			};
			name = Release;
		};
/* End XCBuildConfiguration section */

/* Begin XCConfigurationList section */
		55D4A7DA2062B0FE00195965 /* Build configuration list for PBXNativeTarget "StandUpUITests" */ = {
			isa = XCConfigurationList;
			buildConfigurations = (
				55D4A7D82062B0FE00195965 /* Debug */,
				55D4A7D92062B0FE00195965 /* Release */,
			);
			defaultConfigurationIsVisible = 0;
			defaultConfigurationName = Release;
		};
		FA34B8941D0FBF350082F616 /* Build configuration list for PBXProject "StandUp-Production" */ = {
			isa = XCConfigurationList;
			buildConfigurations = (
				FA34B8AB1D0FBF350082F616 /* Debug */,
				FA34B8AC1D0FBF350082F616 /* Release */,
			);
			defaultConfigurationIsVisible = 0;
			defaultConfigurationName = Release;
		};
		FA34B8AD1D0FBF350082F616 /* Build configuration list for PBXNativeTarget "StandUp-Production" */ = {
			isa = XCConfigurationList;
			buildConfigurations = (
				FA34B8AE1D0FBF350082F616 /* Debug */,
				FA34B8AF1D0FBF350082F616 /* Release */,
			);
			defaultConfigurationIsVisible = 0;
			defaultConfigurationName = Release;
		};
/* End XCConfigurationList section */
	};
	rootObject = FA34B8911D0FBF350082F616 /* Project object */;
}
